<?xml version="1.0" encoding="UTF-8" standalone="yes" ?>
<CodeBlocks_project_file>
	<FileVersion major="1" minor="6" />
	<Project>
		<Option title="Debug" />
		<Option pch_mode="2" />
		<Option compiler="gcc" />
		<Build>
			<Target title="Debug">
				<Option output="bin/Debug/manipulator_line_reconstruction" prefix_auto="1" extension_auto="1" />
				<Option object_output="obj/Debug/" />
				<Option type="1" />
				<Option compiler="gcc" />
				<Compiler>
					<Add option="-g" />
					<Add option="-pthread" />
					<Add directory="include" />
					<Add directory="eigen" />
					<Add directory="src" />
				</Compiler>
				<Linker>
					<Add option="-pthread" />
					<Add directory="include" />
					<Add directory="eigen" />
				</Linker>
			</Target>
		</Build>
		<Compiler>
			<Add option="-Wall" />
			<Add option="-fexceptions" />
		</Compiler>
		<Unit filename="include/IK.h" />
		<Unit filename="include/createFile.h" />
		<Unit filename="include/data.h" />
		<Unit filename="include/global.h" />
		<Unit filename="include/handle.h" />
		<Unit filename="include/motionControl.h" />
		<Unit filename="include/parseCmd.h" />
		<Unit filename="include/parser.h" />
		<Unit filename="include/pthreadCreate.h" />
		<Unit filename="include/serial.h" />
		<Unit filename="include/timer.h" />
		<Unit filename="include/utilities.h" />
		<Unit filename="main.cpp" />
		<Unit filename="src/createFile.cpp" />
		<Unit filename="src/data.cpp" />
		<Unit filename="src/parser.cpp" />
		<Unit filename="src/pthreadCreate.cpp" />
		<Unit filename="src/serial.cpp" />
		<Unit filename="src/timer.cpp" />
		<Unit filename="src/utilities.cpp" />
		<Extensions>
			<code_completion />
			<envvars />
			<debugger />
			<lib_finder disable_auto="1" />
		</Extensions>
	</Project>
</CodeBlocks_project_file>
