<?xml version="1.0" encoding="UTF-8" standalone="yes" ?>
<CodeBlocks_project_file>
	<FileVersion major="1" minor="6" />
	<Project>
		<Option title="manipulator_line_reconstruction" />
		<Option pch_mode="2" />
		<Option compiler="gcc" />
		<Build>
			<Target title="Debug">
				<Option output="bin/Debug/manipulator_line_reconstruction" prefix_auto="1" extension_auto="1" />
				<Option object_output="obj/Debug/" />
				<Option type="1" />
				<Option compiler="gcc" />
				<Compiler>
					<Add option="-g" />
					<Add option="-pthread" />
					<Add directory="include" />
					<Add directory="eigen" />
					<Add directory="src" />
				</Compiler>
				<Linker>
					<Add option="-pthread" />
					<Add directory="include" />
					<Add directory="eigen" />
				</Linker>
			</Target>
			<Target title="Release">
				<Option output="bin/Release/manipulator_line_reconstruction" prefix_auto="1" extension_auto="1" />
				<Option object_output="obj/Release/" />
				<Option type="1" />
				<Option compiler="gcc" />
				<Compiler>
					<Add option="-O2" />
					<Add directory="include" />
				</Compiler>
				<Linker>
					<Add option="-s" />
				</Linker>
			</Target>
		</Build>
		<Compiler>
			<Add option="-Wall" />
			<Add option="-fexceptions" />
		</Compiler>
		<Unit filename="include/ConvertAngle.h" />
		<Unit filename="include/IK.h" />
		<Unit filename="include/Test.h" />
		<Unit filename="include/createFile.h" />
		<Unit filename="include/data.h" />
		<Unit filename="include/motionControl.h" />
		<Unit filename="include/parameters.h" />
		<Unit filename="include/parser.h" />
		<Unit filename="include/pthreadCreate.h" />
		<Unit filename="include/serial.h" />
		<Unit filename="include/timer.h" />
		<Unit filename="include/udp.h" />
		<Unit filename="include/utilities.h" />
		<Unit filename="main.cpp" />
		<Unit filename="src/ConvertAngle.cpp" />
		<Unit filename="src/IK.cpp" />
		<Unit filename="src/Test.cpp" />
		<Unit filename="src/createFile.cpp" />
		<Unit filename="src/data.cpp" />
		<Unit filename="src/motionControl.cpp" />
		<Unit filename="src/parameters.cpp" />
		<Unit filename="src/parser.cpp" />
		<Unit filename="src/pthreadCreate.cpp" />
		<Unit filename="src/serial.cpp" />
		<Unit filename="src/timer.cpp" />
		<Unit filename="src/udp.cpp" />
		<Unit filename="src/utilities.cpp" />
		<Extensions>
			<code_completion />
			<envvars />
			<debugger />
			<lib_finder disable_auto="1" />
			<DoxyBlocks>
				<comment_style block="4" line="0" />
				<doxyfile_project />
				<doxyfile_build />
				<doxyfile_warnings />
				<doxyfile_output />
				<doxyfile_dot />
				<general />
			</DoxyBlocks>
		</Extensions>
	</Project>
</CodeBlocks_project_file>
